# This file is automatically @generated by Cargo.
# It is not intended for manual editing.
version = 3

[[package]]
name = "aho-corasick"
version = "1.1.2"
source = "registry+https://github.com/rust-lang/crates.io-index"
checksum = "b2969dcb958b36655471fc61f7e416fa76033bdd4bfed0678d8fee1e2d07a1f0"
dependencies = [
 "memchr",
]

[[package]]
name = "bumpalo"
version = "3.14.0"
source = "registry+https://github.com/rust-lang/crates.io-index"
checksum = "7f30e7476521f6f8af1a1c4c0b8cc94f0bee37d91763d0ca2665f299b6cd8aec"

[[package]]
name = "cfg-if"
version = "1.0.0"
source = "registry+https://github.com/rust-lang/crates.io-index"
checksum = "baf1de4339761588bc0619e3cbc0120ee582ebb74b53b4efbf79117bd2da40fd"

[[package]]
name = "console_error_panic_hook"
version = "0.1.7"
source = "registry+https://github.com/rust-lang/crates.io-index"
checksum = "a06aeb73f470f66dcdbf7223caeebb85984942f22f1adb2a088cf9668146bbbc"
dependencies = [
 "cfg-if",
 "wasm-bindgen",
]

[[package]]
name = "equivalent"
version = "1.0.1"
source = "registry+https://github.com/rust-lang/crates.io-index"
checksum = "5443807d6dff69373d433ab9ef5378ad8df50ca6298caf15de6e52e24aaf54d5"

[[package]]
name = "hashbrown"
version = "0.14.2"
source = "registry+https://github.com/rust-lang/crates.io-index"
checksum = "f93e7192158dbcda357bdec5fb5788eebf8bbac027f3f33e719d29135ae84156"

[[package]]
name = "indexmap"
version = "2.1.0"
source = "registry+https://github.com/rust-lang/crates.io-index"
checksum = "d530e1a18b1cb4c484e6e34556a0d948706958449fca0cab753d649f2bce3d1f"
dependencies = [
 "equivalent",
 "hashbrown",
 "serde",
]

[[package]]
name = "itoa"
version = "1.0.9"
source = "registry+https://github.com/rust-lang/crates.io-index"
checksum = "af150ab688ff2122fcef229be89cb50dd66af9e01a4ff320cc137eecc9bacc38"

[[package]]
name = "js-sys"
version = "0.3.65"
source = "registry+https://github.com/rust-lang/crates.io-index"
checksum = "54c0c35952f67de54bb584e9fd912b3023117cbafc0a77d8f3dee1fb5f572fe8"
dependencies = [
 "wasm-bindgen",
]

[[package]]
name = "log"
version = "0.4.20"
source = "registry+https://github.com/rust-lang/crates.io-index"
checksum = "b5e6163cb8c49088c2c36f57875e58ccd8c87c7427f7fbd50ea6710b2f3f2e8f"

[[package]]
name = "memchr"
version = "2.6.4"
source = "registry+https://github.com/rust-lang/crates.io-index"
checksum = "f665ee40bc4a3c5590afb1e9677db74a508659dfd71e126420da8274909a0167"

[[package]]
name = "milo"
version = "0.1.0"
dependencies = [
 "console_error_panic_hook",
 "js-sys",
 "milo-macros",
 "wasm-bindgen",
]

[[package]]
name = "milo-macros"
version = "0.1.0"
dependencies = [
 "indexmap",
 "proc-macro2",
 "quote",
 "regex",
 "semver",
 "serde",
 "serde_json",
 "serde_yaml",
 "syn",
 "toml",
]

[[package]]
name = "milo-test-utils"
version = "0.1.0"
dependencies = [
 "milo",
 "regex",
]

[[package]]
name = "once_cell"
version = "1.18.0"
source = "registry+https://github.com/rust-lang/crates.io-index"
checksum = "dd8b5dd2ae5ed71462c540258bedcb51965123ad7e7ccf4b9a8cafaa4a63576d"

[[package]]
name = "proc-macro2"
version = "1.0.69"
source = "registry+https://github.com/rust-lang/crates.io-index"
checksum = "134c189feb4956b20f6f547d2cf727d4c0fe06722b20a0eec87ed445a97f92da"
dependencies = [
 "unicode-ident",
]

[[package]]
name = "quote"
version = "1.0.33"
source = "registry+https://github.com/rust-lang/crates.io-index"
checksum = "5267fca4496028628a95160fc423a33e8b2e6af8a5302579e322e4b520293cae"
dependencies = [
 "proc-macro2",
]

[[package]]
name = "regex"
version = "1.10.2"
source = "registry+https://github.com/rust-lang/crates.io-index"
checksum = "380b951a9c5e80ddfd6136919eef32310721aa4aacd4889a8d39124b026ab343"
dependencies = [
 "aho-corasick",
 "memchr",
 "regex-automata",
 "regex-syntax",
]

[[package]]
name = "regex-automata"
version = "0.4.3"
source = "registry+https://github.com/rust-lang/crates.io-index"
checksum = "5f804c7828047e88b2d32e2d7fe5a105da8ee3264f01902f796c8e067dc2483f"
dependencies = [
 "aho-corasick",
 "memchr",
 "regex-syntax",
]

[[package]]
name = "regex-syntax"
version = "0.8.2"
source = "registry+https://github.com/rust-lang/crates.io-index"
checksum = "c08c74e62047bb2de4ff487b251e4a92e24f48745648451635cec7d591162d9f"

[[package]]
name = "ryu"
version = "1.0.15"
source = "registry+https://github.com/rust-lang/crates.io-index"
checksum = "1ad4cc8da4ef723ed60bced201181d83791ad433213d8c24efffda1eec85d741"

[[package]]
name = "semver"
version = "1.0.20"
source = "registry+https://github.com/rust-lang/crates.io-index"
checksum = "836fa6a3e1e547f9a2c4040802ec865b5d85f4014efe00555d7090a3dcaa1090"

[[package]]
name = "serde"
version = "1.0.192"
source = "registry+https://github.com/rust-lang/crates.io-index"
checksum = "bca2a08484b285dcb282d0f67b26cadc0df8b19f8c12502c13d966bf9482f001"
dependencies = [
 "serde_derive",
]

[[package]]
name = "serde_derive"
version = "1.0.192"
source = "registry+https://github.com/rust-lang/crates.io-index"
checksum = "d6c7207fbec9faa48073f3e3074cbe553af6ea512d7c21ba46e434e70ea9fbc1"
dependencies = [
 "proc-macro2",
 "quote",
 "syn",
]

[[package]]
name = "serde_json"
version = "1.0.108"
source = "registry+https://github.com/rust-lang/crates.io-index"
checksum = "3d1c7e3eac408d115102c4c24ad393e0821bb3a5df4d506a80f85f7a742a526b"
dependencies = [
 "itoa",
 "ryu",
 "serde",
]

[[package]]
name = "serde_spanned"
version = "0.6.4"
source = "registry+https://github.com/rust-lang/crates.io-index"
checksum = "12022b835073e5b11e90a14f86838ceb1c8fb0325b72416845c487ac0fa95e80"
dependencies = [
 "serde",
]

[[package]]
name = "serde_yaml"
version = "0.9.27"
source = "registry+https://github.com/rust-lang/crates.io-index"
checksum = "3cc7a1570e38322cfe4154732e5110f887ea57e22b76f4bfd32b5bdd3368666c"
dependencies = [
 "indexmap",
 "itoa",
 "ryu",
 "serde",
 "unsafe-libyaml",
]

[[package]]
name = "syn"
version = "2.0.39"
source = "registry+https://github.com/rust-lang/crates.io-index"
checksum = "23e78b90f2fcf45d3e842032ce32e3f2d1545ba6636271dcbf24fa306d87be7a"
dependencies = [
 "proc-macro2",
 "quote",
 "unicode-ident",
]

[[package]]
name = "toml"
version = "0.8.8"
source = "registry+https://github.com/rust-lang/crates.io-index"
checksum = "a1a195ec8c9da26928f773888e0742ca3ca1040c6cd859c919c9f59c1954ab35"
dependencies = [
 "serde",
 "serde_spanned",
 "toml_datetime",
 "toml_edit",
]

[[package]]
name = "toml_datetime"
version = "0.6.5"
source = "registry+https://github.com/rust-lang/crates.io-index"
checksum = "3550f4e9685620ac18a50ed434eb3aec30db8ba93b0287467bca5826ea25baf1"
dependencies = [
 "serde",
]

[[package]]
name = "toml_edit"
version = "0.21.0"
source = "registry+https://github.com/rust-lang/crates.io-index"
checksum = "d34d383cd00a163b4a5b85053df514d45bc330f6de7737edfe0a93311d1eaa03"
dependencies = [
 "indexmap",
 "serde",
 "serde_spanned",
 "toml_datetime",
 "winnow",
]

[[package]]
name = "unicode-ident"
version = "1.0.12"
source = "registry+https://github.com/rust-lang/crates.io-index"
checksum = "3354b9ac3fae1ff6755cb6db53683adb661634f67557942dea4facebec0fee4b"

[[package]]
name = "unsafe-libyaml"
version = "0.2.9"
source = "registry+https://github.com/rust-lang/crates.io-index"
checksum = "f28467d3e1d3c6586d8f25fa243f544f5800fec42d97032474e17222c2b75cfa"

[[package]]
name = "wasm-bindgen"
version = "0.2.88"
source = "registry+https://github.com/rust-lang/crates.io-index"
checksum = "7daec296f25a1bae309c0cd5c29c4b260e510e6d813c286b19eaadf409d40fce"
dependencies = [
 "cfg-if",
 "wasm-bindgen-macro",
]

[[package]]
name = "wasm-bindgen-backend"
version = "0.2.88"
source = "registry+https://github.com/rust-lang/crates.io-index"
checksum = "e397f4664c0e4e428e8313a469aaa58310d302159845980fd23b0f22a847f217"
dependencies = [
 "bumpalo",
 "log",
 "once_cell",
 "proc-macro2",
 "quote",
 "syn",
 "wasm-bindgen-shared",
]

[[package]]
name = "wasm-bindgen-macro"
version = "0.2.88"
source = "registry+https://github.com/rust-lang/crates.io-index"
checksum = "5961017b3b08ad5f3fe39f1e79877f8ee7c23c5e5fd5eb80de95abc41f1f16b2"
dependencies = [
 "quote",
 "wasm-bindgen-macro-support",
]

[[package]]
name = "wasm-bindgen-macro-support"
version = "0.2.88"
source = "registry+https://github.com/rust-lang/crates.io-index"
checksum = "c5353b8dab669f5e10f5bd76df26a9360c748f054f862ff5f3f8aae0c7fb3907"
dependencies = [
 "proc-macro2",
 "quote",
 "syn",
 "wasm-bindgen-backend",
 "wasm-bindgen-shared",
]

[[package]]
name = "wasm-bindgen-shared"
version = "0.2.88"
source = "registry+https://github.com/rust-lang/crates.io-index"
checksum = "0d046c5d029ba91a1ed14da14dca44b68bf2f124cfbaf741c54151fdb3e0750b"

[[package]]
name = "winnow"
version = "0.5.19"
source = "registry+https://github.com/rust-lang/crates.io-index"
checksum = "829846f3e3db426d4cee4510841b71a8e58aa2a76b1132579487ae430ccd9c7b"
dependencies = [
 "memchr",
]
